
Microsoft Visual Studio Solution File, Format Version 12.00
# Visual Studio Version 17
VisualStudioVersion = 17.2.32630.192
MinimumVisualStudioVersion = 10.0.40219.1
Project("{9A19103F-16F7-4668-BE54-9A1E7A4F7556}") = "IfrsDocs.API", "IfrsDocs.API\IfrsDocs.API.csproj", "{68E32502-0D74-4C1D-AB7C-89255BCACE9F}"
EndProject
Project("{9A19103F-16F7-4668-BE54-9A1E7A4F7556}") = "IfrsDocs.Domain", "IfrsDocs.Domain\IfrsDocs.Domain.csproj", "{FB9B7E09-3B29-4174-8073-2BB58843AB4A}"
EndProject
Project("{FAE04EC0-301F-11D3-BF4B-00C04F79EFBC}") = "IfrsDocs.Repository", "IfrsDocs.Repository\IfrsDocs.Repository.csproj", "{21A75FBB-482E-49EC-90AE-1EE64823A70C}"
EndProject
Global
	GlobalSection(SolutionConfigurationPlatforms) = preSolution
		Debug|Any CPU = Debug|Any CPU
		Release|Any CPU = Release|Any CPU
	EndGlobalSection
	GlobalSection(ProjectConfigurationPlatforms) = postSolution
		{68E32502-0D74-4C1D-AB7C-89255BCACE9F}.Debug|Any CPU.ActiveCfg = Debug|Any CPU
		{68E32502-0D74-4C1D-AB7C-89255BCACE9F}.Debug|Any CPU.Build.0 = Debug|Any CPU
		{68E32502-0D74-4C1D-AB7C-89255BCACE9F}.Release|Any CPU.ActiveCfg = Release|Any CPU
		{68E32502-0D74-4C1D-AB7C-89255BCACE9F}.Release|Any CPU.Build.0 = Release|Any CPU
		{FB9B7E09-3B29-4174-8073-2BB58843AB4A}.Debug|Any CPU.ActiveCfg = Debug|Any CPU
		{FB9B7E09-3B29-4174-8073-2BB58843AB4A}.Debug|Any CPU.Build.0 = Debug|Any CPU
		{FB9B7E09-3B29-4174-8073-2BB58843AB4A}.Release|Any CPU.ActiveCfg = Release|Any CPU
		{FB9B7E09-3B29-4174-8073-2BB58843AB4A}.Release|Any CPU.Build.0 = Release|Any CPU
		{21A75FBB-482E-49EC-90AE-1EE64823A70C}.Debug|Any CPU.ActiveCfg = Debug|Any CPU
		{21A75FBB-482E-49EC-90AE-1EE64823A70C}.Debug|Any CPU.Build.0 = Debug|Any CPU
		{21A75FBB-482E-49EC-90AE-1EE64823A70C}.Release|Any CPU.ActiveCfg = Release|Any CPU
		{21A75FBB-482E-49EC-90AE-1EE64823A70C}.Release|Any CPU.Build.0 = Release|Any CPU
	EndGlobalSection
	GlobalSection(SolutionProperties) = preSolution
		HideSolutionNode = FALSE
	EndGlobalSection
	GlobalSection(ExtensibilityGlobals) = postSolution
		SolutionGuid = {3D3DBF5B-A22A-4803-90C1-D0F7C46AEF72}
	EndGlobalSection
EndGlobal
